
Microsoft Visual Studio Solution File, Format Version 12.00
# Visual Studio 15
VisualStudioVersion = 15.0.28307.757
MinimumVisualStudioVersion = 10.0.40219.1
Project("{FAE04EC0-301F-11D3-BF4B-00C04F79EFBC}") = "TestIldasm", "TestIldasm\TestIldasm.csproj", "{9803939E-1AC2-47CD-BCDA-1ECB85A53206}"
EndProject
Project("{FAE04EC0-301F-11D3-BF4B-00C04F79EFBC}") = "ContractHashCalc", "ContractHashCalc\ContractHashCalc.csproj", "{06D4F5B3-8E28-4C39-A6CD-B674A941855B}"
EndProject
Project("{2150E333-8FDC-42A3-9474-1A3956D46DE8}") = "Repos", "Repos", "{A71CC35B-4A94-4FA1-8D3A-45FF778713F6}"
EndProject
Project("{2150E333-8FDC-42A3-9474-1A3956D46DE8}") = "CommonLibrary", "CommonLibrary", "{864A583F-126A-46A3-A7A7-4AD7B190E7EE}"
EndProject
Project("{2150E333-8FDC-42A3-9474-1A3956D46DE8}") = "HedgehogService", "HedgehogService", "{22237652-A1FC-408F-9704-EA69AB814599}"
EndProject
Project("{2150E333-8FDC-42A3-9474-1A3956D46DE8}") = "MonkeyService", "MonkeyService", "{3FB034DD-CBCB-4C92-BA44-221ECACEFB31}"
EndProject
Project("{2150E333-8FDC-42A3-9474-1A3956D46DE8}") = "ShellUI", "ShellUI", "{80870CD3-46B0-4BEF-996C-64096AABD8EC}"
EndProject
Project("{2150E333-8FDC-42A3-9474-1A3956D46DE8}") = "Installer", "Installer", "{6C2022EF-FF69-41F5-8FB0-1F40356B0EE0}"
EndProject
Project("{FAE04EC0-301F-11D3-BF4B-00C04F79EFBC}") = "CommonLibrary", "CommonLibrary\CommonLibrary.csproj", "{9760E6E0-E251-4173-B59F-B0CFF340C7BA}"
EndProject
Project("{FAE04EC0-301F-11D3-BF4B-00C04F79EFBC}") = "HedgehogService", "HedgehogService\HedgehogService.csproj", "{BD7FEAE7-C718-4459-83A4-21405ABFA0DD}"
EndProject
Project("{2150E333-8FDC-42A3-9474-1A3956D46DE8}") = "Solution Items", "Solution Items", "{CEF7F40D-4C1D-4212-B92A-878D3AEDADE9}"
	ProjectSection(SolutionItems) = preProject
		CommonLibrary.nuspec = CommonLibrary.nuspec
	EndProjectSection
EndProject
Project("{930C7802-8A8C-48F9-8165-68863BCCD9DD}") = "Installer", "Installer\Installer.wixproj", "{ED464454-8ECC-4A7B-B6E3-8DB7A5684023}"
	ProjectSection(ProjectDependencies) = postProject
		{19EDF379-290E-4F76-8040-FBE4F33A0F3A} = {19EDF379-290E-4F76-8040-FBE4F33A0F3A}
		{0B7FF6C6-DACA-4709-83EA-1E198F138F93} = {0B7FF6C6-DACA-4709-83EA-1E198F138F93}
		{BD7FEAE7-C718-4459-83A4-21405ABFA0DD} = {BD7FEAE7-C718-4459-83A4-21405ABFA0DD}
	EndProjectSection
EndProject
Project("{FAE04EC0-301F-11D3-BF4B-00C04F79EFBC}") = "MonkeyService", "MonkeyService\MonkeyService.csproj", "{0B7FF6C6-DACA-4709-83EA-1E198F138F93}"
EndProject
Project("{FAE04EC0-301F-11D3-BF4B-00C04F79EFBC}") = "ShellUI", "ShellUI\ShellUI.csproj", "{19EDF379-290E-4F76-8040-FBE4F33A0F3A}"
EndProject
Global
	GlobalSection(SolutionConfigurationPlatforms) = preSolution
		Debug|Any CPU = Debug|Any CPU
		Debug|x86 = Debug|x86
		Release|Any CPU = Release|Any CPU
		Release|x86 = Release|x86
	EndGlobalSection
	GlobalSection(ProjectConfigurationPlatforms) = postSolution
		{9803939E-1AC2-47CD-BCDA-1ECB85A53206}.Debug|Any CPU.ActiveCfg = Debug|Any CPU
		{9803939E-1AC2-47CD-BCDA-1ECB85A53206}.Debug|Any CPU.Build.0 = Debug|Any CPU
		{9803939E-1AC2-47CD-BCDA-1ECB85A53206}.Debug|x86.ActiveCfg = Debug|Any CPU
		{9803939E-1AC2-47CD-BCDA-1ECB85A53206}.Debug|x86.Build.0 = Debug|Any CPU
		{9803939E-1AC2-47CD-BCDA-1ECB85A53206}.Release|Any CPU.ActiveCfg = Release|Any CPU
		{9803939E-1AC2-47CD-BCDA-1ECB85A53206}.Release|Any CPU.Build.0 = Release|Any CPU
		{9803939E-1AC2-47CD-BCDA-1ECB85A53206}.Release|x86.ActiveCfg = Release|Any CPU
		{9803939E-1AC2-47CD-BCDA-1ECB85A53206}.Release|x86.Build.0 = Release|Any CPU
		{06D4F5B3-8E28-4C39-A6CD-B674A941855B}.Debug|Any CPU.ActiveCfg = Debug|Any CPU
		{06D4F5B3-8E28-4C39-A6CD-B674A941855B}.Debug|Any CPU.Build.0 = Debug|Any CPU
		{06D4F5B3-8E28-4C39-A6CD-B674A941855B}.Debug|x86.ActiveCfg = Debug|Any CPU
		{06D4F5B3-8E28-4C39-A6CD-B674A941855B}.Debug|x86.Build.0 = Debug|Any CPU
		{06D4F5B3-8E28-4C39-A6CD-B674A941855B}.Release|Any CPU.ActiveCfg = Release|Any CPU
		{06D4F5B3-8E28-4C39-A6CD-B674A941855B}.Release|Any CPU.Build.0 = Release|Any CPU
		{06D4F5B3-8E28-4C39-A6CD-B674A941855B}.Release|x86.ActiveCfg = Release|Any CPU
		{06D4F5B3-8E28-4C39-A6CD-B674A941855B}.Release|x86.Build.0 = Release|Any CPU
		{9760E6E0-E251-4173-B59F-B0CFF340C7BA}.Debug|Any CPU.ActiveCfg = Debug|Any CPU
		{9760E6E0-E251-4173-B59F-B0CFF340C7BA}.Debug|Any CPU.Build.0 = Debug|Any CPU
		{9760E6E0-E251-4173-B59F-B0CFF340C7BA}.Debug|x86.ActiveCfg = Debug|Any CPU
		{9760E6E0-E251-4173-B59F-B0CFF340C7BA}.Debug|x86.Build.0 = Debug|Any CPU
		{9760E6E0-E251-4173-B59F-B0CFF340C7BA}.Release|Any CPU.ActiveCfg = Release|Any CPU
		{9760E6E0-E251-4173-B59F-B0CFF340C7BA}.Release|Any CPU.Build.0 = Release|Any CPU
		{9760E6E0-E251-4173-B59F-B0CFF340C7BA}.Release|x86.ActiveCfg = Release|Any CPU
		{9760E6E0-E251-4173-B59F-B0CFF340C7BA}.Release|x86.Build.0 = Release|Any CPU
		{BD7FEAE7-C718-4459-83A4-21405ABFA0DD}.Debug|Any CPU.ActiveCfg = Debug|Any CPU
		{BD7FEAE7-C718-4459-83A4-21405ABFA0DD}.Debug|Any CPU.Build.0 = Debug|Any CPU
		{BD7FEAE7-C718-4459-83A4-21405ABFA0DD}.Debug|x86.ActiveCfg = Debug|Any CPU
		{BD7FEAE7-C718-4459-83A4-21405ABFA0DD}.Debug|x86.Build.0 = Debug|Any CPU
		{BD7FEAE7-C718-4459-83A4-21405ABFA0DD}.Release|Any CPU.ActiveCfg = Release|Any CPU
		{BD7FEAE7-C718-4459-83A4-21405ABFA0DD}.Release|Any CPU.Build.0 = Release|Any CPU
		{BD7FEAE7-C718-4459-83A4-21405ABFA0DD}.Release|x86.ActiveCfg = Release|Any CPU
		{BD7FEAE7-C718-4459-83A4-21405ABFA0DD}.Release|x86.Build.0 = Release|Any CPU
		{ED464454-8ECC-4A7B-B6E3-8DB7A5684023}.Debug|Any CPU.ActiveCfg = Debug|x86
		{ED464454-8ECC-4A7B-B6E3-8DB7A5684023}.Debug|Any CPU.Build.0 = Debug|x86
		{ED464454-8ECC-4A7B-B6E3-8DB7A5684023}.Debug|x86.ActiveCfg = Debug|x86
		{ED464454-8ECC-4A7B-B6E3-8DB7A5684023}.Debug|x86.Build.0 = Debug|x86
		{ED464454-8ECC-4A7B-B6E3-8DB7A5684023}.Release|Any CPU.ActiveCfg = Release|x86
		{ED464454-8ECC-4A7B-B6E3-8DB7A5684023}.Release|Any CPU.Build.0 = Release|x86
		{ED464454-8ECC-4A7B-B6E3-8DB7A5684023}.Release|x86.ActiveCfg = Release|x86
		{ED464454-8ECC-4A7B-B6E3-8DB7A5684023}.Release|x86.Build.0 = Release|x86
		{0B7FF6C6-DACA-4709-83EA-1E198F138F93}.Debug|Any CPU.ActiveCfg = Debug|Any CPU
		{0B7FF6C6-DACA-4709-83EA-1E198F138F93}.Debug|Any CPU.Build.0 = Debug|Any CPU
		{0B7FF6C6-DACA-4709-83EA-1E198F138F93}.Debug|x86.ActiveCfg = Debug|Any CPU
		{0B7FF6C6-DACA-4709-83EA-1E198F138F93}.Debug|x86.Build.0 = Debug|Any CPU
		{0B7FF6C6-DACA-4709-83EA-1E198F138F93}.Release|Any CPU.ActiveCfg = Release|Any CPU
		{0B7FF6C6-DACA-4709-83EA-1E198F138F93}.Release|Any CPU.Build.0 = Release|Any CPU
		{0B7FF6C6-DACA-4709-83EA-1E198F138F93}.Release|x86.ActiveCfg = Release|Any CPU
		{0B7FF6C6-DACA-4709-83EA-1E198F138F93}.Release|x86.Build.0 = Release|Any CPU
		{19EDF379-290E-4F76-8040-FBE4F33A0F3A}.Debug|Any CPU.ActiveCfg = Debug|Any CPU
		{19EDF379-290E-4F76-8040-FBE4F33A0F3A}.Debug|Any CPU.Build.0 = Debug|Any CPU
		{19EDF379-290E-4F76-8040-FBE4F33A0F3A}.Debug|x86.ActiveCfg = Debug|Any CPU
		{19EDF379-290E-4F76-8040-FBE4F33A0F3A}.Debug|x86.Build.0 = Debug|Any CPU
		{19EDF379-290E-4F76-8040-FBE4F33A0F3A}.Release|Any CPU.ActiveCfg = Release|Any CPU
		{19EDF379-290E-4F76-8040-FBE4F33A0F3A}.Release|Any CPU.Build.0 = Release|Any CPU
		{19EDF379-290E-4F76-8040-FBE4F33A0F3A}.Release|x86.ActiveCfg = Release|Any CPU
		{19EDF379-290E-4F76-8040-FBE4F33A0F3A}.Release|x86.Build.0 = Release|Any CPU
	EndGlobalSection
	GlobalSection(SolutionProperties) = preSolution
		HideSolutionNode = FALSE
	EndGlobalSection
	GlobalSection(NestedProjects) = preSolution
		{864A583F-126A-46A3-A7A7-4AD7B190E7EE} = {A71CC35B-4A94-4FA1-8D3A-45FF778713F6}
		{22237652-A1FC-408F-9704-EA69AB814599} = {A71CC35B-4A94-4FA1-8D3A-45FF778713F6}
		{3FB034DD-CBCB-4C92-BA44-221ECACEFB31} = {A71CC35B-4A94-4FA1-8D3A-45FF778713F6}
		{80870CD3-46B0-4BEF-996C-64096AABD8EC} = {A71CC35B-4A94-4FA1-8D3A-45FF778713F6}
		{6C2022EF-FF69-41F5-8FB0-1F40356B0EE0} = {A71CC35B-4A94-4FA1-8D3A-45FF778713F6}
		{9760E6E0-E251-4173-B59F-B0CFF340C7BA} = {864A583F-126A-46A3-A7A7-4AD7B190E7EE}
		{BD7FEAE7-C718-4459-83A4-21405ABFA0DD} = {22237652-A1FC-408F-9704-EA69AB814599}
		{ED464454-8ECC-4A7B-B6E3-8DB7A5684023} = {6C2022EF-FF69-41F5-8FB0-1F40356B0EE0}
		{0B7FF6C6-DACA-4709-83EA-1E198F138F93} = {3FB034DD-CBCB-4C92-BA44-221ECACEFB31}
		{19EDF379-290E-4F76-8040-FBE4F33A0F3A} = {80870CD3-46B0-4BEF-996C-64096AABD8EC}
	EndGlobalSection
	GlobalSection(ExtensibilityGlobals) = postSolution
		SolutionGuid = {477F9166-1D5A-478C-BA91-011265921F5F}
	EndGlobalSection
EndGlobal
